
Microsoft Visual Studio Solution File, Format Version 11.00
# Visual Studio 2010
Project("{FAE04EC0-301F-11D3-BF4B-00C04F79EFBC}") = "Assembly-CSharp", "Assembly-CSharp\Assembly-CSharp.csproj", "{69582E3E-829A-447C-B167-5CB65F6BF8CE}"
EndProject
Global
	GlobalSection(SolutionConfigurationPlatforms) = preSolution
		Debug|Any CPU = Debug|Any CPU
		Release|Any CPU = Release|Any CPU
	EndGlobalSection
	GlobalSection(ProjectConfigurationPlatforms) = postSolution
		{69582E3E-829A-447C-B167-5CB65F6BF8CE}.Debug|Any CPU.ActiveCfg = Debug|Any CPU
		{69582E3E-829A-447C-B167-5CB65F6BF8CE}.Debug|Any CPU.Build.0 = Debug|Any CPU
		{69582E3E-829A-447C-B167-5CB65F6BF8CE}.Release|Any CPU.ActiveCfg = Release|Any CPU
		{69582E3E-829A-447C-B167-5CB65F6BF8CE}.Release|Any CPU.Build.0 = Release|Any CPU
	EndGlobalSection
	GlobalSection(SolutionProperties) = preSolution
		HideSolutionNode = FALSE
	EndGlobalSection
EndGlobal
